
Microsoft Visual Studio Solution File, Format Version 12.00
# Visual Studio Version 17
VisualStudioVersion = 17.9.34622.214
MinimumVisualStudioVersion = 10.0.40219.1
Project("{FAE04EC0-301F-11D3-BF4B-00C04F79EFBC}") = "Filmy_EF", "Filmy_EF\Filmy_EF.csproj", "{1638287F-66CD-4BEC-814C-8747C105641B}"
EndProject
Global
	GlobalSection(SolutionConfigurationPlatforms) = preSolution
		Debug|Any CPU = Debug|Any CPU
		Release|Any CPU = Release|Any CPU
	EndGlobalSection
	GlobalSection(ProjectConfigurationPlatforms) = postSolution
		{1638287F-66CD-4BEC-814C-8747C105641B}.Debug|Any CPU.ActiveCfg = Debug|Any CPU
		{1638287F-66CD-4BEC-814C-8747C105641B}.Debug|Any CPU.Build.0 = Debug|Any CPU
		{1638287F-66CD-4BEC-814C-8747C105641B}.Release|Any CPU.ActiveCfg = Release|Any CPU
		{1638287F-66CD-4BEC-814C-8747C105641B}.Release|Any CPU.Build.0 = Release|Any CPU
	EndGlobalSection
	GlobalSection(SolutionProperties) = preSolution
		HideSolutionNode = FALSE
	EndGlobalSection
	GlobalSection(ExtensibilityGlobals) = postSolution
		SolutionGuid = {E214C02E-87CB-4EF8-88B1-08F109ABD02E}
	EndGlobalSection
EndGlobal
